
Microsoft Visual Studio Solution File, Format Version 12.00
# Visual Studio Version 16
VisualStudioVersion = 16.0.30503.244
MinimumVisualStudioVersion = 10.0.40219.1
Project("{FAE04EC0-301F-11D3-BF4B-00C04F79EFBC}") = "PkCal", "PkCal\PkCal.csproj", "{DC57A4D2-A160-4DED-8DEC-6E12C1CE54C9}"
EndProject
Global
	GlobalSection(SolutionConfigurationPlatforms) = preSolution
		Debug|Any CPU = Debug|Any CPU
		Release|Any CPU = Release|Any CPU
	EndGlobalSection
	GlobalSection(ProjectConfigurationPlatforms) = postSolution
		{DC57A4D2-A160-4DED-8DEC-6E12C1CE54C9}.Debug|Any CPU.ActiveCfg = Debug|Any CPU
		{DC57A4D2-A160-4DED-8DEC-6E12C1CE54C9}.Debug|Any CPU.Build.0 = Debug|Any CPU
		{DC57A4D2-A160-4DED-8DEC-6E12C1CE54C9}.Release|Any CPU.ActiveCfg = Release|Any CPU
		{DC57A4D2-A160-4DED-8DEC-6E12C1CE54C9}.Release|Any CPU.Build.0 = Release|Any CPU
	EndGlobalSection
	GlobalSection(SolutionProperties) = preSolution
		HideSolutionNode = FALSE
	EndGlobalSection
	GlobalSection(ExtensibilityGlobals) = postSolution
		SolutionGuid = {C72ACD48-5C1B-415A-BF9F-7323ED02F538}
	EndGlobalSection
EndGlobal
